
Microsoft Visual Studio Solution File, Format Version 12.00
# Visual Studio 15
VisualStudioVersion = 15.0.27428.2037
MinimumVisualStudioVersion = 10.0.40219.1
Project("{FAE04EC0-301F-11D3-BF4B-00C04F79EFBC}") = "Litke_02", "Litke_02\Litke_02.csproj", "{5DBFF568-E0D0-40D9-B14F-98146EB069E7}"
EndProject
Project("{FAE04EC0-301F-11D3-BF4B-00C04F79EFBC}") = "ClassLibrary1", "ClassLibrary1\ClassLibrary1.csproj", "{635F7EE3-975B-4F7E-8410-99B8FCF40FE1}"
EndProject
Global
	GlobalSection(SolutionConfigurationPlatforms) = preSolution
		Debug|Any CPU = Debug|Any CPU
		Release|Any CPU = Release|Any CPU
	EndGlobalSection
	GlobalSection(ProjectConfigurationPlatforms) = postSolution
		{5DBFF568-E0D0-40D9-B14F-98146EB069E7}.Debug|Any CPU.ActiveCfg = Debug|Any CPU
		{5DBFF568-E0D0-40D9-B14F-98146EB069E7}.Debug|Any CPU.Build.0 = Debug|Any CPU
		{5DBFF568-E0D0-40D9-B14F-98146EB069E7}.Release|Any CPU.ActiveCfg = Release|Any CPU
		{5DBFF568-E0D0-40D9-B14F-98146EB069E7}.Release|Any CPU.Build.0 = Release|Any CPU
		{635F7EE3-975B-4F7E-8410-99B8FCF40FE1}.Debug|Any CPU.ActiveCfg = Debug|Any CPU
		{635F7EE3-975B-4F7E-8410-99B8FCF40FE1}.Debug|Any CPU.Build.0 = Debug|Any CPU
		{635F7EE3-975B-4F7E-8410-99B8FCF40FE1}.Release|Any CPU.ActiveCfg = Release|Any CPU
		{635F7EE3-975B-4F7E-8410-99B8FCF40FE1}.Release|Any CPU.Build.0 = Release|Any CPU
	EndGlobalSection
	GlobalSection(SolutionProperties) = preSolution
		HideSolutionNode = FALSE
	EndGlobalSection
	GlobalSection(ExtensibilityGlobals) = postSolution
		SolutionGuid = {49E5F007-BD76-46B1-9567-ED64B96E90B3}
	EndGlobalSection
EndGlobal
