
Microsoft Visual Studio Solution File, Format Version 12.00
# Visual Studio 15
VisualStudioVersion = 15.0.27428.2037
MinimumVisualStudioVersion = 10.0.40219.1
Project("{FAE04EC0-301F-11D3-BF4B-00C04F79EFBC}") = "Litke_07", "Litke_07\Litke_07.csproj", "{EB897E06-7F85-4212-8B82-6500E46EBFA1}"
EndProject
Project("{FAE04EC0-301F-11D3-BF4B-00C04F79EFBC}") = "FormattedTextBox", "FormattedTextBox\FormattedTextBox.csproj", "{900E12B8-1A9B-4BA2-AA62-4BAE82225262}"
EndProject
Global
	GlobalSection(SolutionConfigurationPlatforms) = preSolution
		Debug|Any CPU = Debug|Any CPU
		Release|Any CPU = Release|Any CPU
	EndGlobalSection
	GlobalSection(ProjectConfigurationPlatforms) = postSolution
		{EB897E06-7F85-4212-8B82-6500E46EBFA1}.Debug|Any CPU.ActiveCfg = Debug|Any CPU
		{EB897E06-7F85-4212-8B82-6500E46EBFA1}.Debug|Any CPU.Build.0 = Debug|Any CPU
		{EB897E06-7F85-4212-8B82-6500E46EBFA1}.Release|Any CPU.ActiveCfg = Release|Any CPU
		{EB897E06-7F85-4212-8B82-6500E46EBFA1}.Release|Any CPU.Build.0 = Release|Any CPU
		{900E12B8-1A9B-4BA2-AA62-4BAE82225262}.Debug|Any CPU.ActiveCfg = Debug|Any CPU
		{900E12B8-1A9B-4BA2-AA62-4BAE82225262}.Debug|Any CPU.Build.0 = Debug|Any CPU
		{900E12B8-1A9B-4BA2-AA62-4BAE82225262}.Release|Any CPU.ActiveCfg = Release|Any CPU
		{900E12B8-1A9B-4BA2-AA62-4BAE82225262}.Release|Any CPU.Build.0 = Release|Any CPU
	EndGlobalSection
	GlobalSection(SolutionProperties) = preSolution
		HideSolutionNode = FALSE
	EndGlobalSection
	GlobalSection(ExtensibilityGlobals) = postSolution
		SolutionGuid = {E10864D7-D4CD-4E9E-BA95-C6FB80F837DC}
	EndGlobalSection
EndGlobal
